
Microsoft Visual Studio Solution File, Format Version 12.00
# Visual Studio Version 16
VisualStudioVersion = 16.0.30011.22
MinimumVisualStudioVersion = 10.0.40219.1
Project("{9A19103F-16F7-4668-BE54-9A1E7A4F7556}") = "DelegatesAndEvents", "DelegatesAndEvents\DelegatesAndEvents.csproj", "{BD36EB1C-3F2B-47F2-BC74-5B5AE952D9CE}"
EndProject
Project("{9A19103F-16F7-4668-BE54-9A1E7A4F7556}") = "DelegatesAndEvents2", "DelegatesAndEvents2\DelegatesAndEvents2.csproj", "{609FFC61-76FA-4810-873C-00B8BC818922}"
EndProject
Project("{9A19103F-16F7-4668-BE54-9A1E7A4F7556}") = "DelegatesAndEvents3", "DelegatesAndEvents3\DelegatesAndEvents3.csproj", "{DCDF4B43-4415-46F3-80B7-FD5FE3300002}"
EndProject
Project("{FAE04EC0-301F-11D3-BF4B-00C04F79EFBC}") = "AsyncAwait_TimCorey", "AsyncAwait_TimCorey\AsyncAwait_TimCorey.csproj", "{7D519958-42FB-423C-BC44-02B08E9643E8}"
EndProject
Project("{9A19103F-16F7-4668-BE54-9A1E7A4F7556}") = "FuncDelegate", "FuncDelegate\FuncDelegate.csproj", "{C869A6C3-7AB7-479F-B7CB-13E94E09D114}"
EndProject
Project("{9A19103F-16F7-4668-BE54-9A1E7A4F7556}") = "DeferredExecution", "DeferredExecution\DeferredExecution.csproj", "{353B0920-1481-44AC-8941-C324838670DF}"
EndProject
Global
	GlobalSection(SolutionConfigurationPlatforms) = preSolution
		Debug|Any CPU = Debug|Any CPU
		Release|Any CPU = Release|Any CPU
	EndGlobalSection
	GlobalSection(ProjectConfigurationPlatforms) = postSolution
		{BD36EB1C-3F2B-47F2-BC74-5B5AE952D9CE}.Debug|Any CPU.ActiveCfg = Debug|Any CPU
		{BD36EB1C-3F2B-47F2-BC74-5B5AE952D9CE}.Debug|Any CPU.Build.0 = Debug|Any CPU
		{BD36EB1C-3F2B-47F2-BC74-5B5AE952D9CE}.Release|Any CPU.ActiveCfg = Release|Any CPU
		{BD36EB1C-3F2B-47F2-BC74-5B5AE952D9CE}.Release|Any CPU.Build.0 = Release|Any CPU
		{609FFC61-76FA-4810-873C-00B8BC818922}.Debug|Any CPU.ActiveCfg = Debug|Any CPU
		{609FFC61-76FA-4810-873C-00B8BC818922}.Debug|Any CPU.Build.0 = Debug|Any CPU
		{609FFC61-76FA-4810-873C-00B8BC818922}.Release|Any CPU.ActiveCfg = Release|Any CPU
		{609FFC61-76FA-4810-873C-00B8BC818922}.Release|Any CPU.Build.0 = Release|Any CPU
		{DCDF4B43-4415-46F3-80B7-FD5FE3300002}.Debug|Any CPU.ActiveCfg = Debug|Any CPU
		{DCDF4B43-4415-46F3-80B7-FD5FE3300002}.Debug|Any CPU.Build.0 = Debug|Any CPU
		{DCDF4B43-4415-46F3-80B7-FD5FE3300002}.Release|Any CPU.ActiveCfg = Release|Any CPU
		{DCDF4B43-4415-46F3-80B7-FD5FE3300002}.Release|Any CPU.Build.0 = Release|Any CPU
		{7D519958-42FB-423C-BC44-02B08E9643E8}.Debug|Any CPU.ActiveCfg = Debug|Any CPU
		{7D519958-42FB-423C-BC44-02B08E9643E8}.Debug|Any CPU.Build.0 = Debug|Any CPU
		{7D519958-42FB-423C-BC44-02B08E9643E8}.Release|Any CPU.ActiveCfg = Release|Any CPU
		{7D519958-42FB-423C-BC44-02B08E9643E8}.Release|Any CPU.Build.0 = Release|Any CPU
		{C869A6C3-7AB7-479F-B7CB-13E94E09D114}.Debug|Any CPU.ActiveCfg = Debug|Any CPU
		{C869A6C3-7AB7-479F-B7CB-13E94E09D114}.Debug|Any CPU.Build.0 = Debug|Any CPU
		{C869A6C3-7AB7-479F-B7CB-13E94E09D114}.Release|Any CPU.ActiveCfg = Release|Any CPU
		{C869A6C3-7AB7-479F-B7CB-13E94E09D114}.Release|Any CPU.Build.0 = Release|Any CPU
		{353B0920-1481-44AC-8941-C324838670DF}.Debug|Any CPU.ActiveCfg = Debug|Any CPU
		{353B0920-1481-44AC-8941-C324838670DF}.Debug|Any CPU.Build.0 = Debug|Any CPU
		{353B0920-1481-44AC-8941-C324838670DF}.Release|Any CPU.ActiveCfg = Release|Any CPU
		{353B0920-1481-44AC-8941-C324838670DF}.Release|Any CPU.Build.0 = Release|Any CPU
	EndGlobalSection
	GlobalSection(SolutionProperties) = preSolution
		HideSolutionNode = FALSE
	EndGlobalSection
	GlobalSection(ExtensibilityGlobals) = postSolution
		SolutionGuid = {45989184-54DB-44F9-86D9-AD3776F35D11}
	EndGlobalSection
EndGlobal
